// !$*UTF8*$!
{
	archiveVersion = 1;
	classes = {
	};
	objectVersion = 50;
	objects = {

/* Begin PBXBuildFile section */
		13DCEF3E20F4147D004871EC /* AppDelegate.m in Sources */ = {isa = PBXBuildFile; fileRef = 13DCEF3D20F4147D004871EC /* AppDelegate.m */; };
		13DCEF4420F4147D004871EC /* Main.storyboard in Resources */ = {isa = PBXBuildFile; fileRef = 13DCEF4220F4147D004871EC /* Main.storyboard */; };
		13DCEF4620F4147D004871EC /* Assets.xcassets in Resources */ = {isa = PBXBuildFile; fileRef = 13DCEF4520F4147D004871EC /* Assets.xcassets */; };
		13DCEF4920F4147D004871EC /* LaunchScreen.storyboard in Resources */ = {isa = PBXBuildFile; fileRef = 13DCEF4720F4147D004871EC /* LaunchScreen.storyboard */; };
		13DCEF4C20F4147D004871EC /* main.m in Sources */ = {isa = PBXBuildFile; fileRef = 13DCEF4B20F4147D004871EC /* main.m */; };
		13DCEF5A20F41B89004871EC /* LoginViewController.m in Sources */ = {isa = PBXBuildFile; fileRef = 13DCEF5920F41B89004871EC /* LoginViewController.m */; };
		13DCEF5D20F41E16004871EC /* FeedViewController.m in Sources */ = {isa = PBXBuildFile; fileRef = 13DCEF5C20F41E16004871EC /* FeedViewController.m */; };
		13DCEF6020F423B1004871EC /* PostCell.m in Sources */ = {isa = PBXBuildFile; fileRef = 13DCEF5F20F423B1004871EC /* PostCell.m */; };
		13DCEF6620F43266004871EC /* ComposeViewController.m in Sources */ = {isa = PBXBuildFile; fileRef = 13DCEF6520F43266004871EC /* ComposeViewController.m */; };
		13DCEF6C20F439B1004871EC /* Post.m in Sources */ = {isa = PBXBuildFile; fileRef = 13DCEF6B20F439B1004871EC /* Post.m */; };
		13DCEF6F20F48ADB004871EC /* DetailsViewController.m in Sources */ = {isa = PBXBuildFile; fileRef = 13DCEF6E20F48ADB004871EC /* DetailsViewController.m */; };
		13DCEF7220F4920A004871EC /* ProfileViewController.m in Sources */ = {isa = PBXBuildFile; fileRef = 13DCEF7120F4920A004871EC /* ProfileViewController.m */; };
		7869F75F13B1A6ED8E508F87 /* libPods-Keygram.a in Frameworks */ = {isa = PBXBuildFile; fileRef = 00CD0158C6B1D354865B1104 /* libPods-Keygram.a */; };
/* End PBXBuildFile section */

/* Begin PBXFileReference section */
		00CD0158C6B1D354865B1104 /* libPods-Keygram.a */ = {isa = PBXFileReference; explicitFileType = archive.ar; includeInIndex = 0; path = "libPods-Keygram.a"; sourceTree = BUILT_PRODUCTS_DIR; };
		13DCEF3920F4147C004871EC /* Keygram.app */ = {isa = PBXFileReference; explicitFileType = wrapper.application; includeInIndex = 0; path = Keygram.app; sourceTree = BUILT_PRODUCTS_DIR; };
		13DCEF3C20F4147C004871EC /* AppDelegate.h */ = {isa = PBXFileReference; lastKnownFileType = sourcecode.c.h; path = AppDelegate.h; sourceTree = "<group>"; };
		13DCEF3D20F4147D004871EC /* AppDelegate.m */ = {isa = PBXFileReference; lastKnownFileType = sourcecode.c.objc; path = AppDelegate.m; sourceTree = "<group>"; };
		13DCEF4320F4147D004871EC /* Base */ = {isa = PBXFileReference; lastKnownFileType = file.storyboard; name = Base; path = Base.lproj/Main.storyboard; sourceTree = "<group>"; };
		13DCEF4520F4147D004871EC /* Assets.xcassets */ = {isa = PBXFileReference; lastKnownFileType = folder.assetcatalog; path = Assets.xcassets; sourceTree = "<group>"; };
		13DCEF4820F4147D004871EC /* Base */ = {isa = PBXFileReference; lastKnownFileType = file.storyboard; name = Base; path = Base.lproj/LaunchScreen.storyboard; sourceTree = "<group>"; };
		13DCEF4A20F4147D004871EC /* Info.plist */ = {isa = PBXFileReference; lastKnownFileType = text.plist.xml; path = Info.plist; sourceTree = "<group>"; };
		13DCEF4B20F4147D004871EC /* main.m */ = {isa = PBXFileReference; lastKnownFileType = sourcecode.c.objc; path = main.m; sourceTree = "<group>"; };
		13DCEF5820F41B89004871EC /* LoginViewController.h */ = {isa = PBXFileReference; lastKnownFileType = sourcecode.c.h; path = LoginViewController.h; sourceTree = "<group>"; };
		13DCEF5920F41B89004871EC /* LoginViewController.m */ = {isa = PBXFileReference; lastKnownFileType = sourcecode.c.objc; path = LoginViewController.m; sourceTree = "<group>"; };
		13DCEF5B20F41E16004871EC /* FeedViewController.h */ = {isa = PBXFileReference; lastKnownFileType = sourcecode.c.h; path = FeedViewController.h; sourceTree = "<group>"; };
		13DCEF5C20F41E16004871EC /* FeedViewController.m */ = {isa = PBXFileReference; lastKnownFileType = sourcecode.c.objc; path = FeedViewController.m; sourceTree = "<group>"; };
		13DCEF5E20F423B1004871EC /* PostCell.h */ = {isa = PBXFileReference; lastKnownFileType = sourcecode.c.h; path = PostCell.h; sourceTree = "<group>"; };
		13DCEF5F20F423B1004871EC /* PostCell.m */ = {isa = PBXFileReference; lastKnownFileType = sourcecode.c.objc; path = PostCell.m; sourceTree = "<group>"; };
		13DCEF6420F43266004871EC /* ComposeViewController.h */ = {isa = PBXFileReference; lastKnownFileType = sourcecode.c.h; path = ComposeViewController.h; sourceTree = "<group>"; };
		13DCEF6520F43266004871EC /* ComposeViewController.m */ = {isa = PBXFileReference; lastKnownFileType = sourcecode.c.objc; path = ComposeViewController.m; sourceTree = "<group>"; };
		13DCEF6A20F439B1004871EC /* Post.h */ = {isa = PBXFileReference; lastKnownFileType = sourcecode.c.h; path = Post.h; sourceTree = "<group>"; };
		13DCEF6B20F439B1004871EC /* Post.m */ = {isa = PBXFileReference; lastKnownFileType = sourcecode.c.objc; path = Post.m; sourceTree = "<group>"; };
		13DCEF6D20F48ADB004871EC /* DetailsViewController.h */ = {isa = PBXFileReference; lastKnownFileType = sourcecode.c.h; path = DetailsViewController.h; sourceTree = "<group>"; };
		13DCEF6E20F48ADB004871EC /* DetailsViewController.m */ = {isa = PBXFileReference; lastKnownFileType = sourcecode.c.objc; path = DetailsViewController.m; sourceTree = "<group>"; };
		13DCEF7020F4920A004871EC /* ProfileViewController.h */ = {isa = PBXFileReference; lastKnownFileType = sourcecode.c.h; path = ProfileViewController.h; sourceTree = "<group>"; };
		13DCEF7120F4920A004871EC /* ProfileViewController.m */ = {isa = PBXFileReference; lastKnownFileType = sourcecode.c.objc; path = ProfileViewController.m; sourceTree = "<group>"; };
		34E8D7B80CE4C9BF071BADF8 /* Pods-Keygram.debug.xcconfig */ = {isa = PBXFileReference; includeInIndex = 1; lastKnownFileType = text.xcconfig; name = "Pods-Keygram.debug.xcconfig"; path = "Pods/Target Support Files/Pods-Keygram/Pods-Keygram.debug.xcconfig"; sourceTree = "<group>"; };
		B146C37E1BEF1EA1AFE343C2 /* Pods-Keygram.release.xcconfig */ = {isa = PBXFileReference; includeInIndex = 1; lastKnownFileType = text.xcconfig; name = "Pods-Keygram.release.xcconfig"; path = "Pods/Target Support Files/Pods-Keygram/Pods-Keygram.release.xcconfig"; sourceTree = "<group>"; };
/* End PBXFileReference section */

/* Begin PBXFrameworksBuildPhase section */
		13DCEF3620F4147C004871EC /* Frameworks */ = {
			isa = PBXFrameworksBuildPhase;
			buildActionMask = 2147483647;
			files = (
				7869F75F13B1A6ED8E508F87 /* libPods-Keygram.a in Frameworks */,
			);
			runOnlyForDeploymentPostprocessing = 0;
		};
/* End PBXFrameworksBuildPhase section */

/* Begin PBXGroup section */
		13DCEF3020F4147C004871EC = {
			isa = PBXGroup;
			children = (
				13DCEF3B20F4147C004871EC /* Keygram */,
				13DCEF3A20F4147C004871EC /* Products */,
				70173683C799E9F314555B04 /* Pods */,
				E80B0FD5E67F884AF0E209F8 /* Frameworks */,
			);
			sourceTree = "<group>";
		};
		13DCEF3A20F4147C004871EC /* Products */ = {
			isa = PBXGroup;
			children = (
				13DCEF3920F4147C004871EC /* Keygram.app */,
			);
			name = Products;
			sourceTree = "<group>";
		};
		13DCEF3B20F4147C004871EC /* Keygram */ = {
			isa = PBXGroup;
			children = (
				13DCEF5220F41B5A004871EC /* ViewControllers */,
				13DCEF3C20F4147C004871EC /* AppDelegate.h */,
				13DCEF3D20F4147D004871EC /* AppDelegate.m */,
				13DCEF4220F4147D004871EC /* Main.storyboard */,
				13DCEF4520F4147D004871EC /* Assets.xcassets */,
				13DCEF4720F4147D004871EC /* LaunchScreen.storyboard */,
				13DCEF4A20F4147D004871EC /* Info.plist */,
				13DCEF4B20F4147D004871EC /* main.m */,
				13DCEF5E20F423B1004871EC /* PostCell.h */,
				13DCEF5F20F423B1004871EC /* PostCell.m */,
				13DCEF6A20F439B1004871EC /* Post.h */,
				13DCEF6B20F439B1004871EC /* Post.m */,
			);
			path = Keygram;
			sourceTree = "<group>";
		};
		13DCEF5220F41B5A004871EC /* ViewControllers */ = {
			isa = PBXGroup;
			children = (
				13DCEF5820F41B89004871EC /* LoginViewController.h */,
				13DCEF5920F41B89004871EC /* LoginViewController.m */,
				13DCEF5B20F41E16004871EC /* FeedViewController.h */,
				13DCEF5C20F41E16004871EC /* FeedViewController.m */,
				13DCEF6420F43266004871EC /* ComposeViewController.h */,
				13DCEF6520F43266004871EC /* ComposeViewController.m */,
				13DCEF6D20F48ADB004871EC /* DetailsViewController.h */,
				13DCEF6E20F48ADB004871EC /* DetailsViewController.m */,
				13DCEF7020F4920A004871EC /* ProfileViewController.h */,
				13DCEF7120F4920A004871EC /* ProfileViewController.m */,
			);
			path = ViewControllers;
			sourceTree = "<group>";
		};
		70173683C799E9F314555B04 /* Pods */ = {
			isa = PBXGroup;
			children = (
				34E8D7B80CE4C9BF071BADF8 /* Pods-Keygram.debug.xcconfig */,
				B146C37E1BEF1EA1AFE343C2 /* Pods-Keygram.release.xcconfig */,
			);
			name = Pods;
			sourceTree = "<group>";
		};
		E80B0FD5E67F884AF0E209F8 /* Frameworks */ = {
			isa = PBXGroup;
			children = (
				00CD0158C6B1D354865B1104 /* libPods-Keygram.a */,
			);
			name = Frameworks;
			sourceTree = "<group>";
		};
/* End PBXGroup section */

/* Begin PBXNativeTarget section */
		13DCEF3820F4147C004871EC /* Keygram */ = {
			isa = PBXNativeTarget;
			buildConfigurationList = 13DCEF4F20F4147D004871EC /* Build configuration list for PBXNativeTarget "Keygram" */;
			buildPhases = (
				E07F4D0442AF8CC3DB3852DA /* [CP] Check Pods Manifest.lock */,
				13DCEF3520F4147C004871EC /* Sources */,
				13DCEF3620F4147C004871EC /* Frameworks */,
				13DCEF3720F4147C004871EC /* Resources */,
				6E4A562B340881CA3598A704 /* [CP] Copy Pods Resources */,
			);
			buildRules = (
			);
			dependencies = (
			);
			name = Keygram;
			productName = Keygram;
			productReference = 13DCEF3920F4147C004871EC /* Keygram.app */;
			productType = "com.apple.product-type.application";
		};
/* End PBXNativeTarget section */

/* Begin PBXProject section */
		13DCEF3120F4147C004871EC /* Project object */ = {
			isa = PBXProject;
			attributes = {
				LastUpgradeCheck = 0940;
				ORGANIZATIONNAME = "Keylonnie Miller";
				TargetAttributes = {
					13DCEF3820F4147C004871EC = {
						CreatedOnToolsVersion = 9.4.1;
					};
				};
			};
			buildConfigurationList = 13DCEF3420F4147C004871EC /* Build configuration list for PBXProject "Keygram" */;
			compatibilityVersion = "Xcode 9.3";
			developmentRegion = en;
			hasScannedForEncodings = 0;
			knownRegions = (
				en,
				Base,
			);
			mainGroup = 13DCEF3020F4147C004871EC;
			productRefGroup = 13DCEF3A20F4147C004871EC /* Products */;
			projectDirPath = "";
			projectRoot = "";
			targets = (
				13DCEF3820F4147C004871EC /* Keygram */,
			);
		};
/* End PBXProject section */

/* Begin PBXResourcesBuildPhase section */
		13DCEF3720F4147C004871EC /* Resources */ = {
			isa = PBXResourcesBuildPhase;
			buildActionMask = 2147483647;
			files = (
				13DCEF4920F4147D004871EC /* LaunchScreen.storyboard in Resources */,
				13DCEF4620F4147D004871EC /* Assets.xcassets in Resources */,
				13DCEF4420F4147D004871EC /* Main.storyboard in Resources */,
			);
			runOnlyForDeploymentPostprocessing = 0;
		};
/* End PBXResourcesBuildPhase section */

/* Begin PBXShellScriptBuildPhase section */
		6E4A562B340881CA3598A704 /* [CP] Copy Pods Resources */ = {
			isa = PBXShellScriptBuildPhase;
			buildActionMask = 2147483647;
			files = (
			);
			inputPaths = (
				"${SRCROOT}/Pods/Target Support Files/Pods-Keygram/Pods-Keygram-resources.sh",
				"${PODS_ROOT}/DateTools/DateTools/DateTools/DateTools.bundle",
				"${PODS_CONFIGURATION_BUILD_DIR}/Parse/Parse.bundle",
				"${PODS_ROOT}/ParseUI/ParseUI/Resources/Localization/en.lproj",
				"${PODS_ROOT}/ParseUI/ParseUI/Resources/Localization/fr.lproj",
				"${PODS_ROOT}/ParseUI/ParseUI/Resources/Localization/pt-BR.lproj",
			);
			name = "[CP] Copy Pods Resources";
			outputPaths = (
				"${TARGET_BUILD_DIR}/${UNLOCALIZED_RESOURCES_FOLDER_PATH}/DateTools.bundle",
				"${TARGET_BUILD_DIR}/${UNLOCALIZED_RESOURCES_FOLDER_PATH}/Parse.bundle",
				"${TARGET_BUILD_DIR}/${UNLOCALIZED_RESOURCES_FOLDER_PATH}/en.lproj",
				"${TARGET_BUILD_DIR}/${UNLOCALIZED_RESOURCES_FOLDER_PATH}/fr.lproj",
				"${TARGET_BUILD_DIR}/${UNLOCALIZED_RESOURCES_FOLDER_PATH}/pt-BR.lproj",
			);
			runOnlyForDeploymentPostprocessing = 0;
			shellPath = /bin/sh;
			shellScript = "\"${SRCROOT}/Pods/Target Support Files/Pods-Keygram/Pods-Keygram-resources.sh\"\n";
			showEnvVarsInLog = 0;
		};
		E07F4D0442AF8CC3DB3852DA /* [CP] Check Pods Manifest.lock */ = {
			isa = PBXShellScriptBuildPhase;
			buildActionMask = 2147483647;
			files = (
			);
			inputPaths = (
				"${PODS_PODFILE_DIR_PATH}/Podfile.lock",
				"${PODS_ROOT}/Manifest.lock",
			);
			name = "[CP] Check Pods Manifest.lock";
			outputPaths = (
				"$(DERIVED_FILE_DIR)/Pods-Keygram-checkManifestLockResult.txt",
			);
			runOnlyForDeploymentPostprocessing = 0;
			shellPath = /bin/sh;
			shellScript = "diff \"${PODS_PODFILE_DIR_PATH}/Podfile.lock\" \"${PODS_ROOT}/Manifest.lock\" > /dev/null\nif [ $? != 0 ] ; then\n    # print error to STDERR\n    echo \"error: The sandbox is not in sync with the Podfile.lock. Run 'pod install' or update your CocoaPods installation.\" >&2\n    exit 1\nfi\n# This output is used by Xcode 'outputs' to avoid re-running this script phase.\necho \"SUCCESS\" > \"${SCRIPT_OUTPUT_FILE_0}\"\n";
			showEnvVarsInLog = 0;
		};
/* End PBXShellScriptBuildPhase section */

/* Begin PBXSourcesBuildPhase section */
		13DCEF3520F4147C004871EC /* Sources */ = {
			isa = PBXSourcesBuildPhase;
			buildActionMask = 2147483647;
			files = (
				13DCEF4C20F4147D004871EC /* main.m in Sources */,
				13DCEF7220F4920A004871EC /* ProfileViewController.m in Sources */,
				13DCEF3E20F4147D004871EC /* AppDelegate.m in Sources */,
				13DCEF5D20F41E16004871EC /* FeedViewController.m in Sources */,
				13DCEF6620F43266004871EC /* ComposeViewController.m in Sources */,
				13DCEF5A20F41B89004871EC /* LoginViewController.m in Sources */,
				13DCEF6020F423B1004871EC /* PostCell.m in Sources */,
				13DCEF6C20F439B1004871EC /* Post.m in Sources */,
				13DCEF6F20F48ADB004871EC /* DetailsViewController.m in Sources */,
			);
			runOnlyForDeploymentPostprocessing = 0;
		};
/* End PBXSourcesBuildPhase section */

/* Begin PBXVariantGroup section */
		13DCEF4220F4147D004871EC /* Main.storyboard */ = {
			isa = PBXVariantGroup;
			children = (
				13DCEF4320F4147D004871EC /* Base */,
			);
			name = Main.storyboard;
			sourceTree = "<group>";
		};
		13DCEF4720F4147D004871EC /* LaunchScreen.storyboard */ = {
			isa = PBXVariantGroup;
			children = (
				13DCEF4820F4147D004871EC /* Base */,
			);
			name = LaunchScreen.storyboard;
			sourceTree = "<group>";
		};
/* End PBXVariantGroup section */

/* Begin XCBuildConfiguration section */
		13DCEF4D20F4147D004871EC /* Debug */ = {
			isa = XCBuildConfiguration;
			buildSettings = {
				ALWAYS_SEARCH_USER_PATHS = NO;
				CLANG_ANALYZER_NONNULL = YES;
				CLANG_ANALYZER_NUMBER_OBJECT_CONVERSION = YES_AGGRESSIVE;
				CLANG_CXX_LANGUAGE_STANDARD = "gnu++14";
				CLANG_CXX_LIBRARY = "libc++";
				CLANG_ENABLE_MODULES = YES;
				CLANG_ENABLE_OBJC_ARC = YES;
				CLANG_ENABLE_OBJC_WEAK = YES;
				CLANG_WARN_BLOCK_CAPTURE_AUTORELEASING = YES;
				CLANG_WARN_BOOL_CONVERSION = YES;
				CLANG_WARN_COMMA = YES;
				CLANG_WARN_CONSTANT_CONVERSION = YES;
				CLANG_WARN_DEPRECATED_OBJC_IMPLEMENTATIONS = YES;
				CLANG_WARN_DIRECT_OBJC_ISA_USAGE = YES_ERROR;
				CLANG_WARN_DOCUMENTATION_COMMENTS = YES;
				CLANG_WARN_EMPTY_BODY = YES;
				CLANG_WARN_ENUM_CONVERSION = YES;
				CLANG_WARN_INFINITE_RECURSION = YES;
				CLANG_WARN_INT_CONVERSION = YES;
				CLANG_WARN_NON_LITERAL_NULL_CONVERSION = YES;
				CLANG_WARN_OBJC_IMPLICIT_RETAIN_SELF = YES;
				CLANG_WARN_OBJC_LITERAL_CONVERSION = YES;
				CLANG_WARN_OBJC_ROOT_CLASS = YES_ERROR;
				CLANG_WARN_RANGE_LOOP_ANALYSIS = YES;
				CLANG_WARN_STRICT_PROTOTYPES = YES;
				CLANG_WARN_SUSPICIOUS_MOVE = YES;
				CLANG_WARN_UNGUARDED_AVAILABILITY = YES_AGGRESSIVE;
				CLANG_WARN_UNREACHABLE_CODE = YES;
				CLANG_WARN__DUPLICATE_METHOD_MATCH = YES;
				CODE_SIGN_IDENTITY = "iPhone Developer";
				COPY_PHASE_STRIP = NO;
				DEBUG_INFORMATION_FORMAT = dwarf;
				ENABLE_STRICT_OBJC_MSGSEND = YES;
				ENABLE_TESTABILITY = YES;
				GCC_C_LANGUAGE_STANDARD = gnu11;
				GCC_DYNAMIC_NO_PIC = NO;
				GCC_NO_COMMON_BLOCKS = YES;
				GCC_OPTIMIZATION_LEVEL = 0;
				GCC_PREPROCESSOR_DEFINITIONS = (
					"DEBUG=1",
					"$(inherited)",
				);
				GCC_WARN_64_TO_32_BIT_CONVERSION = YES;
				GCC_WARN_ABOUT_RETURN_TYPE = YES_ERROR;
				GCC_WARN_UNDECLARED_SELECTOR = YES;
				GCC_WARN_UNINITIALIZED_AUTOS = YES_AGGRESSIVE;
				GCC_WARN_UNUSED_FUNCTION = YES;
				GCC_WARN_UNUSED_VARIABLE = YES;
				IPHONEOS_DEPLOYMENT_TARGET = 11.4;
				MTL_ENABLE_DEBUG_INFO = YES;
				ONLY_ACTIVE_ARCH = YES;
				SDKROOT = iphoneos;
			};
			name = Debug;
		};
		13DCEF4E20F4147D004871EC /* Release */ = {
			isa = XCBuildConfiguration;
			buildSettings = {
				ALWAYS_SEARCH_USER_PATHS = NO;
				CLANG_ANALYZER_NONNULL = YES;
				CLANG_ANALYZER_NUMBER_OBJECT_CONVERSION = YES_AGGRESSIVE;
				CLANG_CXX_LANGUAGE_STANDARD = "gnu++14";
				CLANG_CXX_LIBRARY = "libc++";
				CLANG_ENABLE_MODULES = YES;
				CLANG_ENABLE_OBJC_ARC = YES;
				CLANG_ENABLE_OBJC_WEAK = YES;
				CLANG_WARN_BLOCK_CAPTURE_AUTORELEASING = YES;
				CLANG_WARN_BOOL_CONVERSION = YES;
				CLANG_WARN_COMMA = YES;
				CLANG_WARN_CONSTANT_CONVERSION = YES;
				CLANG_WARN_DEPRECATED_OBJC_IMPLEMENTATIONS = YES;
				CLANG_WARN_DIRECT_OBJC_ISA_USAGE = YES_ERROR;
				CLANG_WARN_DOCUMENTATION_COMMENTS = YES;
				CLANG_WARN_EMPTY_BODY = YES;
				CLANG_WARN_ENUM_CONVERSION = YES;
				CLANG_WARN_INFINITE_RECURSION = YES;
				CLANG_WARN_INT_CONVERSION = YES;
				CLANG_WARN_NON_LITERAL_NULL_CONVERSION = YES;
				CLANG_WARN_OBJC_IMPLICIT_RETAIN_SELF = YES;
				CLANG_WARN_OBJC_LITERAL_CONVERSION = YES;
				CLANG_WARN_OBJC_ROOT_CLASS = YES_ERROR;
				CLANG_WARN_RANGE_LOOP_ANALYSIS = YES;
				CLANG_WARN_STRICT_PROTOTYPES = YES;
				CLANG_WARN_SUSPICIOUS_MOVE = YES;
				CLANG_WARN_UNGUARDED_AVAILABILITY = YES_AGGRESSIVE;
				CLANG_WARN_UNREACHABLE_CODE = YES;
				CLANG_WARN__DUPLICATE_METHOD_MATCH = YES;
				CODE_SIGN_IDENTITY = "iPhone Developer";
				COPY_PHASE_STRIP = NO;
				DEBUG_INFORMATION_FORMAT = "dwarf-with-dsym";
				ENABLE_NS_ASSERTIONS = NO;
				ENABLE_STRICT_OBJC_MSGSEND = YES;
				GCC_C_LANGUAGE_STANDARD = gnu11;
				GCC_NO_COMMON_BLOCKS = YES;
				GCC_WARN_64_TO_32_BIT_CONVERSION = YES;
				GCC_WARN_ABOUT_RETURN_TYPE = YES_ERROR;
				GCC_WARN_UNDECLARED_SELECTOR = YES;
				GCC_WARN_UNINITIALIZED_AUTOS = YES_AGGRESSIVE;
				GCC_WARN_UNUSED_FUNCTION = YES;
				GCC_WARN_UNUSED_VARIABLE = YES;
				IPHONEOS_DEPLOYMENT_TARGET = 11.4;
				MTL_ENABLE_DEBUG_INFO = NO;
				SDKROOT = iphoneos;
				VALIDATE_PRODUCT = YES;
			};
			name = Release;
		};
		13DCEF5020F4147D004871EC /* Debug */ = {
			isa = XCBuildConfiguration;
			baseConfigurationReference = 34E8D7B80CE4C9BF071BADF8 /* Pods-Keygram.debug.xcconfig */;
			buildSettings = {
				ASSETCATALOG_COMPILER_APPICON_NAME = AppIcon;
				CODE_SIGN_STYLE = Automatic;
				DEVELOPMENT_TEAM = 96W3N7G5K2;
				INFOPLIST_FILE = Keygram/Info.plist;
				LD_RUNPATH_SEARCH_PATHS = (
					"$(inherited)",
					"@executable_path/Frameworks",
				);
				PRODUCT_BUNDLE_IDENTIFIER = com.Keylonnm.Keygram;
				PRODUCT_NAME = "$(TARGET_NAME)";
				TARGETED_DEVICE_FAMILY = "1,2";
			};
			name = Debug;
		};
		13DCEF5120F4147D004871EC /* Release */ = {
			isa = XCBuildConfiguration;
			baseConfigurationReference = B146C37E1BEF1EA1AFE343C2 /* Pods-Keygram.release.xcconfig */;
			buildSettings = {
				ASSETCATALOG_COMPILER_APPICON_NAME = AppIcon;
				CODE_SIGN_STYLE = Automatic;
				DEVELOPMENT_TEAM = 96W3N7G5K2;
				INFOPLIST_FILE = Keygram/Info.plist;
				LD_RUNPATH_SEARCH_PATHS = (
					"$(inherited)",
					"@executable_path/Frameworks",
				);
				PRODUCT_BUNDLE_IDENTIFIER = com.Keylonnm.Keygram;
				PRODUCT_NAME = "$(TARGET_NAME)";
				TARGETED_DEVICE_FAMILY = "1,2";
			};
			name = Release;
		};
/* End XCBuildConfiguration section */

/* Begin XCConfigurationList section */
		13DCEF3420F4147C004871EC /* Build configuration list for PBXProject "Keygram" */ = {
			isa = XCConfigurationList;
			buildConfigurations = (
				13DCEF4D20F4147D004871EC /* Debug */,
				13DCEF4E20F4147D004871EC /* Release */,
			);
			defaultConfigurationIsVisible = 0;
			defaultConfigurationName = Release;
		};
		13DCEF4F20F4147D004871EC /* Build configuration list for PBXNativeTarget "Keygram" */ = {
			isa = XCConfigurationList;
			buildConfigurations = (
				13DCEF5020F4147D004871EC /* Debug */,
				13DCEF5120F4147D004871EC /* Release */,
			);
			defaultConfigurationIsVisible = 0;
			defaultConfigurationName = Release;
		};
/* End XCConfigurationList section */
	};
	rootObject = 13DCEF3120F4147C004871EC /* Project object */;
}
